
Microsoft Visual Studio Solution File, Format Version 12.00
# Visual Studio 15
VisualStudioVersion = 15.0.28307.572
MinimumVisualStudioVersion = 10.0.40219.1
Project("{9A19103F-16F7-4668-BE54-9A1E7A4F7556}") = "GameDataBase", "GameDataBase\GameDataBase.csproj", "{464B1EDE-176E-4A76-A3A6-30E519273F84}"
EndProject
Project("{9A19103F-16F7-4668-BE54-9A1E7A4F7556}") = "GameDataBase.test", "GameDataBaseTesting\GameDataBase.test.csproj", "{340DC006-F157-4582-9905-B22DEA76F6B9}"
EndProject
Project("{9A19103F-16F7-4668-BE54-9A1E7A4F7556}") = "MediatorIntegrationTesting", "MediatorIntegrationTesting\MediatorIntegrationTesting.csproj", "{F950C9C6-792F-4F35-9E90-E9735F2C773F}"
EndProject
Project("{9A19103F-16F7-4668-BE54-9A1E7A4F7556}") = "Game_Collector_Web", "Game_Collector_Web\Game_Collector_Web.csproj", "{D5591357-388E-45D3-9031-C362B9FEFC04}"
EndProject
Global
	GlobalSection(SolutionConfigurationPlatforms) = preSolution
		Debug|Any CPU = Debug|Any CPU
		Release|Any CPU = Release|Any CPU
	EndGlobalSection
	GlobalSection(ProjectConfigurationPlatforms) = postSolution
		{464B1EDE-176E-4A76-A3A6-30E519273F84}.Debug|Any CPU.ActiveCfg = Debug|Any CPU
		{464B1EDE-176E-4A76-A3A6-30E519273F84}.Debug|Any CPU.Build.0 = Debug|Any CPU
		{464B1EDE-176E-4A76-A3A6-30E519273F84}.Release|Any CPU.ActiveCfg = Release|Any CPU
		{464B1EDE-176E-4A76-A3A6-30E519273F84}.Release|Any CPU.Build.0 = Release|Any CPU
		{340DC006-F157-4582-9905-B22DEA76F6B9}.Debug|Any CPU.ActiveCfg = Debug|Any CPU
		{340DC006-F157-4582-9905-B22DEA76F6B9}.Debug|Any CPU.Build.0 = Debug|Any CPU
		{340DC006-F157-4582-9905-B22DEA76F6B9}.Release|Any CPU.ActiveCfg = Release|Any CPU
		{340DC006-F157-4582-9905-B22DEA76F6B9}.Release|Any CPU.Build.0 = Release|Any CPU
		{F950C9C6-792F-4F35-9E90-E9735F2C773F}.Debug|Any CPU.ActiveCfg = Debug|Any CPU
		{F950C9C6-792F-4F35-9E90-E9735F2C773F}.Debug|Any CPU.Build.0 = Debug|Any CPU
		{F950C9C6-792F-4F35-9E90-E9735F2C773F}.Release|Any CPU.ActiveCfg = Release|Any CPU
		{F950C9C6-792F-4F35-9E90-E9735F2C773F}.Release|Any CPU.Build.0 = Release|Any CPU
		{D5591357-388E-45D3-9031-C362B9FEFC04}.Debug|Any CPU.ActiveCfg = Debug|Any CPU
		{D5591357-388E-45D3-9031-C362B9FEFC04}.Debug|Any CPU.Build.0 = Debug|Any CPU
		{D5591357-388E-45D3-9031-C362B9FEFC04}.Release|Any CPU.ActiveCfg = Release|Any CPU
		{D5591357-388E-45D3-9031-C362B9FEFC04}.Release|Any CPU.Build.0 = Release|Any CPU
	EndGlobalSection
	GlobalSection(SolutionProperties) = preSolution
		HideSolutionNode = FALSE
	EndGlobalSection
	GlobalSection(ExtensibilityGlobals) = postSolution
		SolutionGuid = {37CAB90D-3E4B-43CA-8B03-8BA0C3AF3BB5}
	EndGlobalSection
EndGlobal
